
Microsoft Visual Studio Solution File, Format Version 12.00
# Visual Studio Version 17
VisualStudioVersion = 17.2.32526.322
MinimumVisualStudioVersion = 10.0.40219.1
Project("{FAE04EC0-301F-11D3-BF4B-00C04F79EFBC}") = "Dela", "Dela.csproj", "{DBD878A6-2CDE-4194-8128-A9E1A06EA812}"
EndProject
Global
	GlobalSection(SolutionConfigurationPlatforms) = preSolution
		Debug|Any CPU = Debug|Any CPU
		Release|Any CPU = Release|Any CPU
	EndGlobalSection
	GlobalSection(ProjectConfigurationPlatforms) = postSolution
		{DBD878A6-2CDE-4194-8128-A9E1A06EA812}.Debug|Any CPU.ActiveCfg = Debug|Any CPU
		{DBD878A6-2CDE-4194-8128-A9E1A06EA812}.Debug|Any CPU.Build.0 = Debug|Any CPU
		{DBD878A6-2CDE-4194-8128-A9E1A06EA812}.Release|Any CPU.ActiveCfg = Release|Any CPU
		{DBD878A6-2CDE-4194-8128-A9E1A06EA812}.Release|Any CPU.Build.0 = Release|Any CPU
	EndGlobalSection
	GlobalSection(SolutionProperties) = preSolution
		HideSolutionNode = FALSE
	EndGlobalSection
	GlobalSection(ExtensibilityGlobals) = postSolution
		SolutionGuid = {92B1F0BC-464C-44D8-9DF5-936C4E4D83FD}
	EndGlobalSection
EndGlobal
